// !$*UTF8*$!
{
	archiveVersion = 1;
	classes = {
	};
	objectVersion = 56;
	objects = {

/* Begin PBXBuildFile section */
		6A2B98A72CB66941005AA641 /* main.swift in Sources */ = {isa = PBXBuildFile; fileRef = 6A2B98A62CB66941005AA641 /* main.swift */; };
		6A2B98AE2CB66955005AA641 /* GrokRequest.swift in Sources */ = {isa = PBXBuildFile; fileRef = 6A2B98AD2CB66955005AA641 /* GrokRequest.swift */; };
		6A2B98B02CB66972005AA641 /* Request.swift in Sources */ = {isa = PBXBuildFile; fileRef = 6A2B98AF2CB66972005AA641 /* Request.swift */; };
		6A2B98B22CB66EF9005AA641 /* GrokReviewService.swift in Sources */ = {isa = PBXBuildFile; fileRef = 6A2B98B12CB66EF9005AA641 /* GrokReviewService.swift */; };
		6A2B98B42CB6793B005AA641 /* GrokReview.swift in Sources */ = {isa = PBXBuildFile; fileRef = 6A2B98B32CB6793B005AA641 /* GrokReview.swift */; };
		6A2B98B62CB67970005AA641 /* GrokChoice.swift in Sources */ = {isa = PBXBuildFile; fileRef = 6A2B98B52CB67970005AA641 /* GrokChoice.swift */; };
		6A2B98B82CB679AC005AA641 /* GrokMessage.swift in Sources */ = {isa = PBXBuildFile; fileRef = 6A2B98B72CB679AC005AA641 /* GrokMessage.swift */; };
		6A2B98BA2CB679C4005AA641 /* GrokContent.swift in Sources */ = {isa = PBXBuildFile; fileRef = 6A2B98B92CB679C4005AA641 /* GrokContent.swift */; };
		6A2B98BE2CB67AB9005AA641 /* GrokUsage.swift in Sources */ = {isa = PBXBuildFile; fileRef = 6A2B98BD2CB67AB9005AA641 /* GrokUsage.swift */; };
		6A2B98C02CB68229005AA641 /* ReviewPrompt.swift in Sources */ = {isa = PBXBuildFile; fileRef = 6A2B98BF2CB68228005AA641 /* ReviewPrompt.swift */; };
		6A2B98C22CB68247005AA641 /* ReviewPromptType.swift in Sources */ = {isa = PBXBuildFile; fileRef = 6A2B98C12CB68247005AA641 /* ReviewPromptType.swift */; };
		6A2B98C52CB6A8E0005AA641 /* String+ReviewPrompt.swift in Sources */ = {isa = PBXBuildFile; fileRef = 6A2B98C42CB6A8E0005AA641 /* String+ReviewPrompt.swift */; };
		6A5DA49F2CB7D21100B2B1EB /* ReviewService.swift in Sources */ = {isa = PBXBuildFile; fileRef = 6A5DA49E2CB7D21100B2B1EB /* ReviewService.swift */; };
		6A5DA4A12CB7D2A300B2B1EB /* ReviewOutput.swift in Sources */ = {isa = PBXBuildFile; fileRef = 6A5DA4A02CB7D2A300B2B1EB /* ReviewOutput.swift */; };
		6A5DA4A32CB7D36400B2B1EB /* GrokReview+Output.swift in Sources */ = {isa = PBXBuildFile; fileRef = 6A5DA4A22CB7D36400B2B1EB /* GrokReview+Output.swift */; };
		6A5DA4BB2CB7D58B00B2B1EB /* ServiceFactory.swift in Sources */ = {isa = PBXBuildFile; fileRef = 6A5DA4BA2CB7D58B00B2B1EB /* ServiceFactory.swift */; };
		6A5DA4BD2CB7D59800B2B1EB /* ServiceType.swift in Sources */ = {isa = PBXBuildFile; fileRef = 6A5DA4BC2CB7D59800B2B1EB /* ServiceType.swift */; };
/* End PBXBuildFile section */

/* Begin PBXCopyFilesBuildPhase section */
		6A2B98A12CB66941005AA641 /* CopyFiles */ = {
			isa = PBXCopyFilesBuildPhase;
			buildActionMask = 2147483647;
			dstPath = /usr/share/man/man1/;
			dstSubfolderSpec = 0;
			files = (
			);
			runOnlyForDeploymentPostprocessing = 1;
		};
/* End PBXCopyFilesBuildPhase section */

/* Begin PBXFileReference section */
		6A2B98A32CB66941005AA641 /* GrokSwift */ = {isa = PBXFileReference; explicitFileType = "compiled.mach-o.executable"; includeInIndex = 0; path = GrokSwift; sourceTree = BUILT_PRODUCTS_DIR; };
		6A2B98A62CB66941005AA641 /* main.swift */ = {isa = PBXFileReference; lastKnownFileType = sourcecode.swift; path = main.swift; sourceTree = "<group>"; };
		6A2B98AD2CB66955005AA641 /* GrokRequest.swift */ = {isa = PBXFileReference; lastKnownFileType = sourcecode.swift; path = GrokRequest.swift; sourceTree = "<group>"; };
		6A2B98AF2CB66972005AA641 /* Request.swift */ = {isa = PBXFileReference; lastKnownFileType = sourcecode.swift; path = Request.swift; sourceTree = "<group>"; };
		6A2B98B12CB66EF9005AA641 /* GrokReviewService.swift */ = {isa = PBXFileReference; lastKnownFileType = sourcecode.swift; path = GrokReviewService.swift; sourceTree = "<group>"; };
		6A2B98B32CB6793B005AA641 /* GrokReview.swift */ = {isa = PBXFileReference; lastKnownFileType = sourcecode.swift; path = GrokReview.swift; sourceTree = "<group>"; };
		6A2B98B52CB67970005AA641 /* GrokChoice.swift */ = {isa = PBXFileReference; lastKnownFileType = sourcecode.swift; path = GrokChoice.swift; sourceTree = "<group>"; };
		6A2B98B72CB679AC005AA641 /* GrokMessage.swift */ = {isa = PBXFileReference; lastKnownFileType = sourcecode.swift; path = GrokMessage.swift; sourceTree = "<group>"; };
		6A2B98B92CB679C4005AA641 /* GrokContent.swift */ = {isa = PBXFileReference; lastKnownFileType = sourcecode.swift; path = GrokContent.swift; sourceTree = "<group>"; };
		6A2B98BD2CB67AB9005AA641 /* GrokUsage.swift */ = {isa = PBXFileReference; lastKnownFileType = sourcecode.swift; path = GrokUsage.swift; sourceTree = "<group>"; };
		6A2B98BF2CB68228005AA641 /* ReviewPrompt.swift */ = {isa = PBXFileReference; lastKnownFileType = sourcecode.swift; path = ReviewPrompt.swift; sourceTree = "<group>"; };
		6A2B98C12CB68247005AA641 /* ReviewPromptType.swift */ = {isa = PBXFileReference; lastKnownFileType = sourcecode.swift; path = ReviewPromptType.swift; sourceTree = "<group>"; };
		6A2B98C42CB6A8E0005AA641 /* String+ReviewPrompt.swift */ = {isa = PBXFileReference; lastKnownFileType = sourcecode.swift; path = "String+ReviewPrompt.swift"; sourceTree = "<group>"; };
		6A2B98C82CB6BEEB005AA641 /* SwiftTest.swift */ = {isa = PBXFileReference; lastKnownFileType = sourcecode.swift; path = SwiftTest.swift; sourceTree = "<group>"; };
		6A5DA49E2CB7D21100B2B1EB /* ReviewService.swift */ = {isa = PBXFileReference; lastKnownFileType = sourcecode.swift; path = ReviewService.swift; sourceTree = "<group>"; };
		6A5DA4A02CB7D2A300B2B1EB /* ReviewOutput.swift */ = {isa = PBXFileReference; lastKnownFileType = sourcecode.swift; path = ReviewOutput.swift; sourceTree = "<group>"; };
		6A5DA4A22CB7D36400B2B1EB /* GrokReview+Output.swift */ = {isa = PBXFileReference; lastKnownFileType = sourcecode.swift; path = "GrokReview+Output.swift"; sourceTree = "<group>"; };
		6A5DA4BA2CB7D58B00B2B1EB /* ServiceFactory.swift */ = {isa = PBXFileReference; lastKnownFileType = sourcecode.swift; path = ServiceFactory.swift; sourceTree = "<group>"; };
		6A5DA4BC2CB7D59800B2B1EB /* ServiceType.swift */ = {isa = PBXFileReference; lastKnownFileType = sourcecode.swift; path = ServiceType.swift; sourceTree = "<group>"; };
/* End PBXFileReference section */

/* Begin PBXFrameworksBuildPhase section */
		6A2B98A02CB66941005AA641 /* Frameworks */ = {
			isa = PBXFrameworksBuildPhase;
			buildActionMask = 2147483647;
			files = (
			);
			runOnlyForDeploymentPostprocessing = 0;
		};
/* End PBXFrameworksBuildPhase section */

/* Begin PBXGroup section */
		6A2B989A2CB66941005AA641 = {
			isa = PBXGroup;
			children = (
				6A2B98A52CB66941005AA641 /* GrokSwift */,
				6A2B98A42CB66941005AA641 /* Products */,
			);
			sourceTree = "<group>";
		};
		6A2B98A42CB66941005AA641 /* Products */ = {
			isa = PBXGroup;
			children = (
				6A2B98A32CB66941005AA641 /* GrokSwift */,
			);
			name = Products;
			sourceTree = "<group>";
		};
		6A2B98A52CB66941005AA641 /* GrokSwift */ = {
			isa = PBXGroup;
			children = (
				6A5DA4B62CB7D4FB00B2B1EB /* Groq */,
				6A5DA4B52CB7D4F200B2B1EB /* Generics */,
				6A2B98C72CB6BEDF005AA641 /* TestFiles */,
				6A2B98A62CB66941005AA641 /* main.swift */,
			);
			path = GrokSwift;
			sourceTree = "<group>";
		};
		6A2B98BB2CB679D7005AA641 /* DTOs */ = {
			isa = PBXGroup;
			children = (
				6A2B98B32CB6793B005AA641 /* GrokReview.swift */,
				6A2B98B52CB67970005AA641 /* GrokChoice.swift */,
				6A2B98B72CB679AC005AA641 /* GrokMessage.swift */,
				6A2B98B92CB679C4005AA641 /* GrokContent.swift */,
				6A2B98BD2CB67AB9005AA641 /* GrokUsage.swift */,
			);
			path = DTOs;
			sourceTree = "<group>";
		};
		6A2B98BC2CB679E2005AA641 /* Service */ = {
			isa = PBXGroup;
			children = (
				6A5DA4BA2CB7D58B00B2B1EB /* ServiceFactory.swift */,
				6A2B98AF2CB66972005AA641 /* Request.swift */,
				6A5DA49E2CB7D21100B2B1EB /* ReviewService.swift */,
				6A5DA4A02CB7D2A300B2B1EB /* ReviewOutput.swift */,
				6A5DA4BC2CB7D59800B2B1EB /* ServiceType.swift */,
			);
			path = Service;
			sourceTree = "<group>";
		};
		6A2B98C32CB6829A005AA641 /* Prompts */ = {
			isa = PBXGroup;
			children = (
				6A2B98BF2CB68228005AA641 /* ReviewPrompt.swift */,
				6A2B98C42CB6A8E0005AA641 /* String+ReviewPrompt.swift */,
				6A2B98C12CB68247005AA641 /* ReviewPromptType.swift */,
			);
			path = Prompts;
			sourceTree = "<group>";
		};
		6A2B98C72CB6BEDF005AA641 /* TestFiles */ = {
			isa = PBXGroup;
			children = (
				6A2B98C82CB6BEEB005AA641 /* SwiftTest.swift */,
			);
			path = TestFiles;
			sourceTree = "<group>";
		};
		6A5DA4B52CB7D4F200B2B1EB /* Generics */ = {
			isa = PBXGroup;
			children = (
				6A2B98BC2CB679E2005AA641 /* Service */,
				6A2B98C32CB6829A005AA641 /* Prompts */,
			);
			path = Generics;
			sourceTree = "<group>";
		};
		6A5DA4B62CB7D4FB00B2B1EB /* Groq */ = {
			isa = PBXGroup;
			children = (
				6A2B98BB2CB679D7005AA641 /* DTOs */,
				6A5DA4B72CB7D50400B2B1EB /* Service */,
			);
			path = Groq;
			sourceTree = "<group>";
		};
		6A5DA4B72CB7D50400B2B1EB /* Service */ = {
			isa = PBXGroup;
			children = (
				6A2B98AD2CB66955005AA641 /* GrokRequest.swift */,
				6A2B98B12CB66EF9005AA641 /* GrokReviewService.swift */,
				6A5DA4A22CB7D36400B2B1EB /* GrokReview+Output.swift */,
			);
			path = Service;
			sourceTree = "<group>";
		};
/* End PBXGroup section */

/* Begin PBXNativeTarget section */
		6A2B98A22CB66941005AA641 /* GrokSwift */ = {
			isa = PBXNativeTarget;
			buildConfigurationList = 6A2B98AA2CB66941005AA641 /* Build configuration list for PBXNativeTarget "GrokSwift" */;
			buildPhases = (
				6A2B989F2CB66941005AA641 /* Sources */,
				6A2B98A02CB66941005AA641 /* Frameworks */,
				6A2B98A12CB66941005AA641 /* CopyFiles */,
			);
			buildRules = (
			);
			dependencies = (
			);
			name = GrokSwift;
			productName = GrokSwift;
			productReference = 6A2B98A32CB66941005AA641 /* GrokSwift */;
			productType = "com.apple.product-type.tool";
		};
/* End PBXNativeTarget section */

/* Begin PBXProject section */
		6A2B989B2CB66941005AA641 /* Project object */ = {
			isa = PBXProject;
			attributes = {
				BuildIndependentTargetsInParallel = 1;
				LastSwiftUpdateCheck = 1540;
				LastUpgradeCheck = 1540;
				TargetAttributes = {
					6A2B98A22CB66941005AA641 = {
						CreatedOnToolsVersion = 15.4;
					};
				};
			};
			buildConfigurationList = 6A2B989E2CB66941005AA641 /* Build configuration list for PBXProject "GrokSwift" */;
			compatibilityVersion = "Xcode 14.0";
			developmentRegion = en;
			hasScannedForEncodings = 0;
			knownRegions = (
				en,
				Base,
			);
			mainGroup = 6A2B989A2CB66941005AA641;
			productRefGroup = 6A2B98A42CB66941005AA641 /* Products */;
			projectDirPath = "";
			projectRoot = "";
			targets = (
				6A2B98A22CB66941005AA641 /* GrokSwift */,
			);
		};
/* End PBXProject section */

/* Begin PBXSourcesBuildPhase section */
		6A2B989F2CB66941005AA641 /* Sources */ = {
			isa = PBXSourcesBuildPhase;
			buildActionMask = 2147483647;
			files = (
				6A2B98B82CB679AC005AA641 /* GrokMessage.swift in Sources */,
				6A5DA4BD2CB7D59800B2B1EB /* ServiceType.swift in Sources */,
				6A5DA49F2CB7D21100B2B1EB /* ReviewService.swift in Sources */,
				6A2B98B22CB66EF9005AA641 /* GrokReviewService.swift in Sources */,
				6A2B98BE2CB67AB9005AA641 /* GrokUsage.swift in Sources */,
				6A5DA4A12CB7D2A300B2B1EB /* ReviewOutput.swift in Sources */,
				6A2B98BA2CB679C4005AA641 /* GrokContent.swift in Sources */,
				6A2B98C22CB68247005AA641 /* ReviewPromptType.swift in Sources */,
				6A2B98B62CB67970005AA641 /* GrokChoice.swift in Sources */,
				6A5DA4BB2CB7D58B00B2B1EB /* ServiceFactory.swift in Sources */,
				6A2B98C02CB68229005AA641 /* ReviewPrompt.swift in Sources */,
				6A2B98B42CB6793B005AA641 /* GrokReview.swift in Sources */,
				6A5DA4A32CB7D36400B2B1EB /* GrokReview+Output.swift in Sources */,
				6A2B98AE2CB66955005AA641 /* GrokRequest.swift in Sources */,
				6A2B98B02CB66972005AA641 /* Request.swift in Sources */,
				6A2B98C52CB6A8E0005AA641 /* String+ReviewPrompt.swift in Sources */,
				6A2B98A72CB66941005AA641 /* main.swift in Sources */,
			);
			runOnlyForDeploymentPostprocessing = 0;
		};
/* End PBXSourcesBuildPhase section */

/* Begin XCBuildConfiguration section */
		6A2B98A82CB66941005AA641 /* Debug */ = {
			isa = XCBuildConfiguration;
			buildSettings = {
				ALWAYS_SEARCH_USER_PATHS = NO;
				ASSETCATALOG_COMPILER_GENERATE_SWIFT_ASSET_SYMBOL_EXTENSIONS = YES;
				CLANG_ANALYZER_NONNULL = YES;
				CLANG_ANALYZER_NUMBER_OBJECT_CONVERSION = YES_AGGRESSIVE;
				CLANG_CXX_LANGUAGE_STANDARD = "gnu++20";
				CLANG_ENABLE_MODULES = YES;
				CLANG_ENABLE_OBJC_ARC = YES;
				CLANG_ENABLE_OBJC_WEAK = YES;
				CLANG_WARN_BLOCK_CAPTURE_AUTORELEASING = YES;
				CLANG_WARN_BOOL_CONVERSION = YES;
				CLANG_WARN_COMMA = YES;
				CLANG_WARN_CONSTANT_CONVERSION = YES;
				CLANG_WARN_DEPRECATED_OBJC_IMPLEMENTATIONS = YES;
				CLANG_WARN_DIRECT_OBJC_ISA_USAGE = YES_ERROR;
				CLANG_WARN_DOCUMENTATION_COMMENTS = YES;
				CLANG_WARN_EMPTY_BODY = YES;
				CLANG_WARN_ENUM_CONVERSION = YES;
				CLANG_WARN_INFINITE_RECURSION = YES;
				CLANG_WARN_INT_CONVERSION = YES;
				CLANG_WARN_NON_LITERAL_NULL_CONVERSION = YES;
				CLANG_WARN_OBJC_IMPLICIT_RETAIN_SELF = YES;
				CLANG_WARN_OBJC_LITERAL_CONVERSION = YES;
				CLANG_WARN_OBJC_ROOT_CLASS = YES_ERROR;
				CLANG_WARN_QUOTED_INCLUDE_IN_FRAMEWORK_HEADER = YES;
				CLANG_WARN_RANGE_LOOP_ANALYSIS = YES;
				CLANG_WARN_STRICT_PROTOTYPES = YES;
				CLANG_WARN_SUSPICIOUS_MOVE = YES;
				CLANG_WARN_UNGUARDED_AVAILABILITY = YES_AGGRESSIVE;
				CLANG_WARN_UNREACHABLE_CODE = YES;
				CLANG_WARN__DUPLICATE_METHOD_MATCH = YES;
				COPY_PHASE_STRIP = NO;
				DEBUG_INFORMATION_FORMAT = dwarf;
				ENABLE_STRICT_OBJC_MSGSEND = YES;
				ENABLE_TESTABILITY = YES;
				ENABLE_USER_SCRIPT_SANDBOXING = YES;
				GCC_C_LANGUAGE_STANDARD = gnu17;
				GCC_DYNAMIC_NO_PIC = NO;
				GCC_NO_COMMON_BLOCKS = YES;
				GCC_OPTIMIZATION_LEVEL = 0;
				GCC_PREPROCESSOR_DEFINITIONS = (
					"DEBUG=1",
					"$(inherited)",
				);
				GCC_WARN_64_TO_32_BIT_CONVERSION = YES;
				GCC_WARN_ABOUT_RETURN_TYPE = YES_ERROR;
				GCC_WARN_UNDECLARED_SELECTOR = YES;
				GCC_WARN_UNINITIALIZED_AUTOS = YES_AGGRESSIVE;
				GCC_WARN_UNUSED_FUNCTION = YES;
				GCC_WARN_UNUSED_VARIABLE = YES;
				LOCALIZATION_PREFERS_STRING_CATALOGS = YES;
				MACOSX_DEPLOYMENT_TARGET = 14.5;
				MTL_ENABLE_DEBUG_INFO = INCLUDE_SOURCE;
				MTL_FAST_MATH = YES;
				ONLY_ACTIVE_ARCH = YES;
				SDKROOT = macosx;
				SWIFT_ACTIVE_COMPILATION_CONDITIONS = "DEBUG $(inherited)";
				SWIFT_OPTIMIZATION_LEVEL = "-Onone";
			};
			name = Debug;
		};
		6A2B98A92CB66941005AA641 /* Release */ = {
			isa = XCBuildConfiguration;
			buildSettings = {
				ALWAYS_SEARCH_USER_PATHS = NO;
				ASSETCATALOG_COMPILER_GENERATE_SWIFT_ASSET_SYMBOL_EXTENSIONS = YES;
				CLANG_ANALYZER_NONNULL = YES;
				CLANG_ANALYZER_NUMBER_OBJECT_CONVERSION = YES_AGGRESSIVE;
				CLANG_CXX_LANGUAGE_STANDARD = "gnu++20";
				CLANG_ENABLE_MODULES = YES;
				CLANG_ENABLE_OBJC_ARC = YES;
				CLANG_ENABLE_OBJC_WEAK = YES;
				CLANG_WARN_BLOCK_CAPTURE_AUTORELEASING = YES;
				CLANG_WARN_BOOL_CONVERSION = YES;
				CLANG_WARN_COMMA = YES;
				CLANG_WARN_CONSTANT_CONVERSION = YES;
				CLANG_WARN_DEPRECATED_OBJC_IMPLEMENTATIONS = YES;
				CLANG_WARN_DIRECT_OBJC_ISA_USAGE = YES_ERROR;
				CLANG_WARN_DOCUMENTATION_COMMENTS = YES;
				CLANG_WARN_EMPTY_BODY = YES;
				CLANG_WARN_ENUM_CONVERSION = YES;
				CLANG_WARN_INFINITE_RECURSION = YES;
				CLANG_WARN_INT_CONVERSION = YES;
				CLANG_WARN_NON_LITERAL_NULL_CONVERSION = YES;
				CLANG_WARN_OBJC_IMPLICIT_RETAIN_SELF = YES;
				CLANG_WARN_OBJC_LITERAL_CONVERSION = YES;
				CLANG_WARN_OBJC_ROOT_CLASS = YES_ERROR;
				CLANG_WARN_QUOTED_INCLUDE_IN_FRAMEWORK_HEADER = YES;
				CLANG_WARN_RANGE_LOOP_ANALYSIS = YES;
				CLANG_WARN_STRICT_PROTOTYPES = YES;
				CLANG_WARN_SUSPICIOUS_MOVE = YES;
				CLANG_WARN_UNGUARDED_AVAILABILITY = YES_AGGRESSIVE;
				CLANG_WARN_UNREACHABLE_CODE = YES;
				CLANG_WARN__DUPLICATE_METHOD_MATCH = YES;
				COPY_PHASE_STRIP = NO;
				DEBUG_INFORMATION_FORMAT = "dwarf-with-dsym";
				ENABLE_NS_ASSERTIONS = NO;
				ENABLE_STRICT_OBJC_MSGSEND = YES;
				ENABLE_USER_SCRIPT_SANDBOXING = YES;
				GCC_C_LANGUAGE_STANDARD = gnu17;
				GCC_NO_COMMON_BLOCKS = YES;
				GCC_WARN_64_TO_32_BIT_CONVERSION = YES;
				GCC_WARN_ABOUT_RETURN_TYPE = YES_ERROR;
				GCC_WARN_UNDECLARED_SELECTOR = YES;
				GCC_WARN_UNINITIALIZED_AUTOS = YES_AGGRESSIVE;
				GCC_WARN_UNUSED_FUNCTION = YES;
				GCC_WARN_UNUSED_VARIABLE = YES;
				LOCALIZATION_PREFERS_STRING_CATALOGS = YES;
				MACOSX_DEPLOYMENT_TARGET = 14.5;
				MTL_ENABLE_DEBUG_INFO = NO;
				MTL_FAST_MATH = YES;
				SDKROOT = macosx;
				SWIFT_COMPILATION_MODE = wholemodule;
			};
			name = Release;
		};
		6A2B98AB2CB66941005AA641 /* Debug */ = {
			isa = XCBuildConfiguration;
			buildSettings = {
				CODE_SIGN_STYLE = Automatic;
				DEVELOPMENT_TEAM = 67H5W5F3SW;
				ENABLE_HARDENED_RUNTIME = YES;
				PRODUCT_NAME = "$(TARGET_NAME)";
				SWIFT_VERSION = 5.0;
			};
			name = Debug;
		};
		6A2B98AC2CB66941005AA641 /* Release */ = {
			isa = XCBuildConfiguration;
			buildSettings = {
				CODE_SIGN_STYLE = Automatic;
				DEVELOPMENT_TEAM = 67H5W5F3SW;
				ENABLE_HARDENED_RUNTIME = YES;
				PRODUCT_NAME = "$(TARGET_NAME)";
				SWIFT_VERSION = 5.0;
			};
			name = Release;
		};
/* End XCBuildConfiguration section */

/* Begin XCConfigurationList section */
		6A2B989E2CB66941005AA641 /* Build configuration list for PBXProject "GrokSwift" */ = {
			isa = XCConfigurationList;
			buildConfigurations = (
				6A2B98A82CB66941005AA641 /* Debug */,
				6A2B98A92CB66941005AA641 /* Release */,
			);
			defaultConfigurationIsVisible = 0;
			defaultConfigurationName = Release;
		};
		6A2B98AA2CB66941005AA641 /* Build configuration list for PBXNativeTarget "GrokSwift" */ = {
			isa = XCConfigurationList;
			buildConfigurations = (
				6A2B98AB2CB66941005AA641 /* Debug */,
				6A2B98AC2CB66941005AA641 /* Release */,
			);
			defaultConfigurationIsVisible = 0;
			defaultConfigurationName = Release;
		};
/* End XCConfigurationList section */
	};
	rootObject = 6A2B989B2CB66941005AA641 /* Project object */;
}
